
Microsoft Visual Studio Solution File, Format Version 12.00
# Visual Studio Version 17
VisualStudioVersion = 17.1.32414.318
MinimumVisualStudioVersion = 10.0.40219.1
Project("{FAE04EC0-301F-11D3-BF4B-00C04F79EFBC}") = "LibraryAPI", "LibraryAPI\LibraryAPI.csproj", "{29735145-2FBA-41D3-9663-844760C22387}"
EndProject
Global
	GlobalSection(SolutionConfigurationPlatforms) = preSolution
		Debug|Any CPU = Debug|Any CPU
		Release|Any CPU = Release|Any CPU
	EndGlobalSection
	GlobalSection(ProjectConfigurationPlatforms) = postSolution
		{29735145-2FBA-41D3-9663-844760C22387}.Debug|Any CPU.ActiveCfg = Debug|Any CPU
		{29735145-2FBA-41D3-9663-844760C22387}.Debug|Any CPU.Build.0 = Debug|Any CPU
		{29735145-2FBA-41D3-9663-844760C22387}.Release|Any CPU.ActiveCfg = Release|Any CPU
		{29735145-2FBA-41D3-9663-844760C22387}.Release|Any CPU.Build.0 = Release|Any CPU
	EndGlobalSection
	GlobalSection(SolutionProperties) = preSolution
		HideSolutionNode = FALSE
	EndGlobalSection
	GlobalSection(ExtensibilityGlobals) = postSolution
		SolutionGuid = {CAD5284B-863D-4EB0-AA07-13EC59413132}
	EndGlobalSection
EndGlobal
